<?xml version="1.0" encoding="utf-8"?>
<Project ToolsVersion="15.0" xmlns="http://schemas.microsoft.com/developer/msbuild/2003">
  <ItemGroup>
    <Filter Include="Common">
      <UniqueIdentifier>60018519-56f4-4f1b-876c-341014c43b69</UniqueIdentifier>
    </Filter>
    <Filter Include="Assets">
      <UniqueIdentifier>2500e9f6-150c-4713-ace8-731659ce086c</UniqueIdentifier>
      <Extensions>bmp;fbx;gif;jpg;jpeg;tga;tiff;tif;png</Extensions>
    </Filter>
    <Filter Include="Dependencies">
      <UniqueIdentifier>{bf469721-180c-48e1-9bf5-748fa201bfc7}</UniqueIdentifier>
    </Filter>
  </ItemGroup>
  <ItemGroup>
    <ApplicationDefinition Include="App.xaml" />
  </ItemGroup>
  <ItemGroup>
    <ClCompile Include="App.xaml.cpp" />
    <ClCompile Include="MainPage.xaml.cpp" />
    <ClCompile Include="pch.cpp" />
  </ItemGroup>
  <ItemGroup>
    <ClInclude Include="pch.h" />
    <ClInclude Include="App.xaml.h" />
    <ClInclude Include="MainPage.xaml.h" />
  </ItemGroup>
  <ItemGroup>
    <Image Include="Assets\LockScreenLogo.scale-200.png">
      <Filter>Assets</Filter>
    </Image>
    <Image Include="Assets\SplashScreen.scale-200.png">
      <Filter>Assets</Filter>
    </Image>
    <Image Include="Assets\Square150x150Logo.scale-200.png">
      <Filter>Assets</Filter>
    </Image>
    <Image Include="Assets\Square44x44Logo.scale-200.png">
      <Filter>Assets</Filter>
    </Image>
    <Image Include="Assets\Square44x44Logo.targetsize-24_altform-unplated.png">
      <Filter>Assets</Filter>
    </Image>
    <Image Include="Assets\StoreLogo.png">
      <Filter>Assets</Filter>
    </Image>
    <Image Include="Assets\Wide310x150Logo.scale-200.png">
      <Filter>Assets</Filter>
    </Image>
    <Image Include="Assets\RotateRight.Animated.gif">
      <Filter>Assets</Filter>
    </Image>
  </ItemGroup>
  <ItemGroup>
    <AppxManifest Include="Package.appxmanifest" />
  </ItemGroup>
  <ItemGroup>
    <None Include="RotateSampleUwpNative_TemporaryKey.pfx" />
    <None Include="$(MicrosoftGesturesInstallDir)\SDK\native\lib\$(Platform)\uwp\$(Configuration)\Microsoft.Gestures.Protocol.Native.Uwp.dll">
      <Filter>Dependencies</Filter>
    </None>
    <None Include="$(MicrosoftGesturesInstallDir)\SDK\native\lib\$(Platform)\uwp\$(Configuration)\Microsoft.Gestures.Proxy.Native.Uwp.dll">
      <Filter>Dependencies</Filter>
    </None>
    <None Include="$(MicrosoftGesturesInstallDir)\SDK\native\lib\$(Platform)\uwp\$(Configuration)\Microsoft.Gestures.Common.Native.Uwp.dll">
      <Filter>Dependencies</Filter>
    </None>
    <None Include="$(MicrosoftGesturesInstallDir)\SDK\native\lib\$(Platform)\uwp\$(Configuration)\Microsoft.Gestures.Native.Uwp.dll">
      <Filter>Dependencies</Filter>
    </None>
  </ItemGroup>
  <ItemGroup>
    <Page Include="MainPage.xaml" />
  </ItemGroup>
</Project>